// !$*UTF8*$!
{
	archiveVersion = 1;
	classes = {
	};
	objectVersion = 56;
	objects = {

/* Begin PBXBuildFile section */
		6975AD842EA9697600BD8D0E /* line_lengthApp.swift in Sources */ = {isa = PBXBuildFile; fileRef = 6975AD832EA9697600BD8D0E /* line_lengthApp.swift */; };
		6975AD862EA9697600BD8D0E /* ContentView.swift in Sources */ = {isa = PBXBuildFile; fileRef = 6975AD852EA9697600BD8D0E /* ContentView.swift */; };
		6975AD882EA9697800BD8D0E /* Assets.xcassets in Resources */ = {isa = PBXBuildFile; fileRef = 6975AD872EA9697800BD8D0E /* Assets.xcassets */; };
		6975AD8C2EA9697800BD8D0E /* Preview Assets.xcassets in Resources */ = {isa = PBXBuildFile; fileRef = 6975AD8B2EA9697800BD8D0E /* Preview Assets.xcassets */; };
		6975AD962EA9697900BD8D0E /* line_lengthTests.swift in Sources */ = {isa = PBXBuildFile; fileRef = 6975AD952EA9697900BD8D0E /* line_lengthTests.swift */; };
		6975ADA02EA9697900BD8D0E /* line_lengthUITests.swift in Sources */ = {isa = PBXBuildFile; fileRef = 6975AD9F2EA9697900BD8D0E /* line_lengthUITests.swift */; };
		6975ADA22EA9697900BD8D0E /* line_lengthUITestsLaunchTests.swift in Sources */ = {isa = PBXBuildFile; fileRef = 6975ADA12EA9697900BD8D0E /* line_lengthUITestsLaunchTests.swift */; };
		6975ADB02EAA6ADC00BD8D0E /* best_model.mlpackage in Sources */ = {isa = PBXBuildFile; fileRef = 6975ADAF2EAA6ADA00BD8D0E /* best_model.mlpackage */; };
		CAMERA001 /* CameraManager.swift in Sources */ = {isa = PBXBuildFile; fileRef = CAMERA000 /* CameraManager.swift */; };
		FRAME001 /* FrameBufferManager.swift in Sources */ = {isa = PBXBuildFile; fileRef = FRAME000 /* FrameBufferManager.swift */; };
		MODEL001 /* ModelProcessor.swift in Sources */ = {isa = PBXBuildFile; fileRef = MODEL000 /* ModelProcessor.swift */; };

		VIDEO001 /* VideoWriter.swift in Sources */ = {isa = PBXBuildFile; fileRef = VIDEO000 /* VideoWriter.swift */; };
/* End PBXBuildFile section */

/* Begin PBXContainerItemProxy section */
		6975AD922EA9697900BD8D0E /* PBXContainerItemProxy */ = {
			isa = PBXContainerItemProxy;
			containerPortal = 6975AD782EA9697600BD8D0E /* Project object */;
			proxyType = 1;
			remoteGlobalIDString = 6975AD7F2EA9697600BD8D0E;
			remoteInfo = "line&length";
		};
		6975AD9C2EA9697900BD8D0E /* PBXContainerItemProxy */ = {
			isa = PBXContainerItemProxy;
			containerPortal = 6975AD782EA9697600BD8D0E /* Project object */;
			proxyType = 1;
			remoteGlobalIDString = 6975AD7F2EA9697600BD8D0E;
			remoteInfo = "line&length";
		};
/* End PBXContainerItemProxy section */

/* Begin PBXFileReference section */
		6975AD802EA9697600BD8D0E /* line&length.app */ = {isa = PBXFileReference; explicitFileType = wrapper.application; includeInIndex = 0; path = "line&length.app"; sourceTree = BUILT_PRODUCTS_DIR; };
		6975AD832EA9697600BD8D0E /* line_lengthApp.swift */ = {isa = PBXFileReference; lastKnownFileType = sourcecode.swift; path = line_lengthApp.swift; sourceTree = "<group>"; };
		6975AD852EA9697600BD8D0E /* ContentView.swift */ = {isa = PBXFileReference; lastKnownFileType = sourcecode.swift; path = ContentView.swift; sourceTree = "<group>"; };
		6975AD872EA9697800BD8D0E /* Assets.xcassets */ = {isa = PBXFileReference; lastKnownFileType = folder.assetcatalog; path = Assets.xcassets; sourceTree = "<group>"; };
		6975AD892EA9697800BD8D0E /* line_length.entitlements */ = {isa = PBXFileReference; lastKnownFileType = text.plist.entitlements; path = line_length.entitlements; sourceTree = "<group>"; };
		INFO000 /* Info.plist */ = {isa = PBXFileReference; lastKnownFileType = text.plist.xml; path = Info.plist; sourceTree = "<group>"; };
		6975AD8B2EA9697800BD8D0E /* Preview Assets.xcassets */ = {isa = PBXFileReference; lastKnownFileType = folder.assetcatalog; path = "Preview Assets.xcassets"; sourceTree = "<group>"; };
		6975AD912EA9697900BD8D0E /* line&lengthTests.xctest */ = {isa = PBXFileReference; explicitFileType = wrapper.cfbundle; includeInIndex = 0; path = "line&lengthTests.xctest"; sourceTree = BUILT_PRODUCTS_DIR; };
		6975AD952EA9697900BD8D0E /* line_lengthTests.swift */ = {isa = PBXFileReference; lastKnownFileType = sourcecode.swift; path = line_lengthTests.swift; sourceTree = "<group>"; };
		6975AD9B2EA9697900BD8D0E /* line&lengthUITests.xctest */ = {isa = PBXFileReference; explicitFileType = wrapper.cfbundle; includeInIndex = 0; path = "line&lengthUITests.xctest"; sourceTree = BUILT_PRODUCTS_DIR; };
		6975AD9F2EA9697900BD8D0E /* line_lengthUITests.swift */ = {isa = PBXFileReference; lastKnownFileType = sourcecode.swift; path = line_lengthUITests.swift; sourceTree = "<group>"; };
		6975ADA12EA9697900BD8D0E /* line_lengthUITestsLaunchTests.swift */ = {isa = PBXFileReference; lastKnownFileType = sourcecode.swift; path = line_lengthUITestsLaunchTests.swift; sourceTree = "<group>"; };
		6975ADAF2EAA6ADA00BD8D0E /* best_model.mlpackage */ = {isa = PBXFileReference; lastKnownFileType = folder.mlpackage; path = best_model.mlpackage; sourceTree = "<group>"; };
		CAMERA000 /* CameraManager.swift */ = {isa = PBXFileReference; lastKnownFileType = sourcecode.swift; path = CameraManager.swift; sourceTree = "<group>"; };
		FRAME000 /* FrameBufferManager.swift */ = {isa = PBXFileReference; lastKnownFileType = sourcecode.swift; path = FrameBufferManager.swift; sourceTree = "<group>"; };
		MODEL000 /* ModelProcessor.swift */ = {isa = PBXFileReference; lastKnownFileType = sourcecode.swift; path = ModelProcessor.swift; sourceTree = "<group>"; };

		VIDEO000 /* VideoWriter.swift */ = {isa = PBXFileReference; lastKnownFileType = sourcecode.swift; path = VideoWriter.swift; sourceTree = "<group>"; };
/* End PBXFileReference section */

/* Begin PBXFrameworksBuildPhase section */
		6975AD7D2EA9697600BD8D0E /* Frameworks */ = {
			isa = PBXFrameworksBuildPhase;
			buildActionMask = 2147483647;
			files = (
			);
			runOnlyForDeploymentPostprocessing = 0;
		};
		6975AD8E2EA9697900BD8D0E /* Frameworks */ = {
			isa = PBXFrameworksBuildPhase;
			buildActionMask = 2147483647;
			files = (
			);
			runOnlyForDeploymentPostprocessing = 0;
		};
		6975AD982EA9697900BD8D0E /* Frameworks */ = {
			isa = PBXFrameworksBuildPhase;
			buildActionMask = 2147483647;
			files = (
			);
			runOnlyForDeploymentPostprocessing = 0;
		};
/* End PBXFrameworksBuildPhase section */

/* Begin PBXGroup section */
		6975AD772EA9697600BD8D0E = {
			isa = PBXGroup;
			children = (
				6975AD822EA9697600BD8D0E /* line&length */,
				6975AD942EA9697900BD8D0E /* line&lengthTests */,
				6975AD9E2EA9697900BD8D0E /* line&lengthUITests */,
				6975AD812EA9697600BD8D0E /* Products */,
			);
			sourceTree = "<group>";
		};
		6975AD812EA9697600BD8D0E /* Products */ = {
			isa = PBXGroup;
			children = (
				6975AD802EA9697600BD8D0E /* line&length.app */,
				6975AD912EA9697900BD8D0E /* line&lengthTests.xctest */,
				6975AD9B2EA9697900BD8D0E /* line&lengthUITests.xctest */,
			);
			name = Products;
			sourceTree = "<group>";
		};
		6975AD822EA9697600BD8D0E /* line&length */ = {
			isa = PBXGroup;
			children = (
				6975AD832EA9697600BD8D0E /* line_lengthApp.swift */,
				6975AD852EA9697600BD8D0E /* ContentView.swift */,
				6975ADAF2EAA6ADA00BD8D0E /* best_model.mlpackage */,
				CAMERA000 /* CameraManager.swift */,
				MODEL000 /* ModelProcessor.swift */,
				FRAME000 /* FrameBufferManager.swift */,
				VIDEO000 /* VideoWriter.swift */,

				6975AD872EA9697800BD8D0E /* Assets.xcassets */,
				6975AD892EA9697800BD8D0E /* line_length.entitlements */,
				INFO000 /* Info.plist */,
				6975AD8A2EA9697800BD8D0E /* Preview Content */,
			);
			path = "line&length";
			sourceTree = "<group>";
		};
		6975AD8A2EA9697800BD8D0E /* Preview Content */ = {
			isa = PBXGroup;
			children = (
				6975AD8B2EA9697800BD8D0E /* Preview Assets.xcassets */,
			);
			path = "Preview Content";
			sourceTree = "<group>";
		};
		6975AD942EA9697900BD8D0E /* line&lengthTests */ = {
			isa = PBXGroup;
			children = (
				6975AD952EA9697900BD8D0E /* line_lengthTests.swift */,
			);
			path = "line&lengthTests";
			sourceTree = "<group>";
		};
		6975AD9E2EA9697900BD8D0E /* line&lengthUITests */ = {
			isa = PBXGroup;
			children = (
				6975AD9F2EA9697900BD8D0E /* line_lengthUITests.swift */,
				6975ADA12EA9697900BD8D0E /* line_lengthUITestsLaunchTests.swift */,
			);
			path = "line&lengthUITests";
			sourceTree = "<group>";
		};
/* End PBXGroup section */

/* Begin PBXNativeTarget section */
		6975AD7F2EA9697600BD8D0E /* line&length */ = {
			isa = PBXNativeTarget;
			buildConfigurationList = 6975ADA52EA9697900BD8D0E /* Build configuration list for PBXNativeTarget "line&length" */;
			buildPhases = (
				6975AD7C2EA9697600BD8D0E /* Sources */,
				6975AD7D2EA9697600BD8D0E /* Frameworks */,
				6975AD7E2EA9697600BD8D0E /* Resources */,
			);
			buildRules = (
			);
			dependencies = (
			);
			name = "line&length";
			productName = "line&length";
			productReference = 6975AD802EA9697600BD8D0E /* line&length.app */;
			productType = "com.apple.product-type.application";
		};
		6975AD902EA9697900BD8D0E /* line&lengthTests */ = {
			isa = PBXNativeTarget;
			buildConfigurationList = 6975ADA82EA9697900BD8D0E /* Build configuration list for PBXNativeTarget "line&lengthTests" */;
			buildPhases = (
				6975AD8D2EA9697900BD8D0E /* Sources */,
				6975AD8E2EA9697900BD8D0E /* Frameworks */,
				6975AD8F2EA9697900BD8D0E /* Resources */,
			);
			buildRules = (
			);
			dependencies = (
				6975AD932EA9697900BD8D0E /* PBXTargetDependency */,
			);
			name = "line&lengthTests";
			productName = "line&lengthTests";
			productReference = 6975AD912EA9697900BD8D0E /* line&lengthTests.xctest */;
			productType = "com.apple.product-type.bundle.unit-test";
		};
		6975AD9A2EA9697900BD8D0E /* line&lengthUITests */ = {
			isa = PBXNativeTarget;
			buildConfigurationList = 6975ADAB2EA9697900BD8D0E /* Build configuration list for PBXNativeTarget "line&lengthUITests" */;
			buildPhases = (
				6975AD972EA9697900BD8D0E /* Sources */,
				6975AD982EA9697900BD8D0E /* Frameworks */,
				6975AD992EA9697900BD8D0E /* Resources */,
			);
			buildRules = (
			);
			dependencies = (
				6975AD9D2EA9697900BD8D0E /* PBXTargetDependency */,
			);
			name = "line&lengthUITests";
			productName = "line&lengthUITests";
			productReference = 6975AD9B2EA9697900BD8D0E /* line&lengthUITests.xctest */;
			productType = "com.apple.product-type.bundle.ui-testing";
		};
/* End PBXNativeTarget section */

/* Begin PBXProject section */
		6975AD782EA9697600BD8D0E /* Project object */ = {
			isa = PBXProject;
			attributes = {
				BuildIndependentTargetsInParallel = 1;
				LastSwiftUpdateCheck = 1530;
				LastUpgradeCheck = 1530;
				TargetAttributes = {
					6975AD7F2EA9697600BD8D0E = {
						CreatedOnToolsVersion = 15.3;
					};
					6975AD902EA9697900BD8D0E = {
						CreatedOnToolsVersion = 15.3;
						TestTargetID = 6975AD7F2EA9697600BD8D0E;
					};
					6975AD9A2EA9697900BD8D0E = {
						CreatedOnToolsVersion = 15.3;
						TestTargetID = 6975AD7F2EA9697600BD8D0E;
					};
				};
			};
			buildConfigurationList = 6975AD7B2EA9697600BD8D0E /* Build configuration list for PBXProject "line&length" */;
			compatibilityVersion = "Xcode 14.0";
			developmentRegion = en;
			hasScannedForEncodings = 0;
			knownRegions = (
				en,
				Base,
			);
			mainGroup = 6975AD772EA9697600BD8D0E;
			productRefGroup = 6975AD812EA9697600BD8D0E /* Products */;
			projectDirPath = "";
			projectRoot = "";
			targets = (
				6975AD7F2EA9697600BD8D0E /* line&length */,
				6975AD902EA9697900BD8D0E /* line&lengthTests */,
				6975AD9A2EA9697900BD8D0E /* line&lengthUITests */,
			);
		};
/* End PBXProject section */

/* Begin PBXResourcesBuildPhase section */
		6975AD7E2EA9697600BD8D0E /* Resources */ = {
			isa = PBXResourcesBuildPhase;
			buildActionMask = 2147483647;
			files = (
				6975AD8C2EA9697800BD8D0E /* Preview Assets.xcassets in Resources */,
				6975AD882EA9697800BD8D0E /* Assets.xcassets in Resources */,
			);
			runOnlyForDeploymentPostprocessing = 0;
		};
		6975AD8F2EA9697900BD8D0E /* Resources */ = {
			isa = PBXResourcesBuildPhase;
			buildActionMask = 2147483647;
			files = (
			);
			runOnlyForDeploymentPostprocessing = 0;
		};
		6975AD992EA9697900BD8D0E /* Resources */ = {
			isa = PBXResourcesBuildPhase;
			buildActionMask = 2147483647;
			files = (
			);
			runOnlyForDeploymentPostprocessing = 0;
		};
/* End PBXResourcesBuildPhase section */

/* Begin PBXSourcesBuildPhase section */
		6975AD7C2EA9697600BD8D0E /* Sources */ = {
			isa = PBXSourcesBuildPhase;
			buildActionMask = 2147483647;
			files = (
				6975AD862EA9697600BD8D0E /* ContentView.swift in Sources */,
				6975AD842EA9697600BD8D0E /* line_lengthApp.swift in Sources */,
				CAMERA001 /* CameraManager.swift in Sources */,
				MODEL001 /* ModelProcessor.swift in Sources */,
				FRAME001 /* FrameBufferManager.swift in Sources */,
				6975ADB02EAA6ADC00BD8D0E /* best_model.mlpackage in Sources */,
				VIDEO001 /* VideoWriter.swift in Sources */,

			);
			runOnlyForDeploymentPostprocessing = 0;
		};
		6975AD8D2EA9697900BD8D0E /* Sources */ = {
			isa = PBXSourcesBuildPhase;
			buildActionMask = 2147483647;
			files = (
				6975AD962EA9697900BD8D0E /* line_lengthTests.swift in Sources */,
			);
			runOnlyForDeploymentPostprocessing = 0;
		};
		6975AD972EA9697900BD8D0E /* Sources */ = {
			isa = PBXSourcesBuildPhase;
			buildActionMask = 2147483647;
			files = (
				6975ADA22EA9697900BD8D0E /* line_lengthUITestsLaunchTests.swift in Sources */,
				6975ADA02EA9697900BD8D0E /* line_lengthUITests.swift in Sources */,
			);
			runOnlyForDeploymentPostprocessing = 0;
		};
/* End PBXSourcesBuildPhase section */

/* Begin PBXTargetDependency section */
		6975AD932EA9697900BD8D0E /* PBXTargetDependency */ = {
			isa = PBXTargetDependency;
			target = 6975AD7F2EA9697600BD8D0E /* line&length */;
			targetProxy = 6975AD922EA9697900BD8D0E /* PBXContainerItemProxy */;
		};
		6975AD9D2EA9697900BD8D0E /* PBXTargetDependency */ = {
			isa = PBXTargetDependency;
			target = 6975AD7F2EA9697600BD8D0E /* line&length */;
			targetProxy = 6975AD9C2EA9697900BD8D0E /* PBXContainerItemProxy */;
		};
/* End PBXTargetDependency section */

/* Begin XCBuildConfiguration section */
		6975ADA32EA9697900BD8D0E /* Debug */ = {
			isa = XCBuildConfiguration;
			buildSettings = {
				ALWAYS_SEARCH_USER_PATHS = NO;
				ASSETCATALOG_COMPILER_GENERATE_SWIFT_ASSET_SYMBOL_EXTENSIONS = YES;
				CLANG_ANALYZER_NONNULL = YES;
				CLANG_ANALYZER_NUMBER_OBJECT_CONVERSION = YES_AGGRESSIVE;
				CLANG_CXX_LANGUAGE_STANDARD = "gnu++20";
				CLANG_ENABLE_MODULES = YES;
				CLANG_ENABLE_OBJC_ARC = YES;
				CLANG_ENABLE_OBJC_WEAK = YES;
				CLANG_WARN_BLOCK_CAPTURE_AUTORELEASING = YES;
				CLANG_WARN_BOOL_CONVERSION = YES;
				CLANG_WARN_COMMA = YES;
				CLANG_WARN_CONSTANT_CONVERSION = YES;
				CLANG_WARN_DEPRECATED_OBJC_IMPLEMENTATIONS = YES;
				CLANG_WARN_DIRECT_OBJC_ISA_USAGE = YES_ERROR;
				CLANG_WARN_DOCUMENTATION_COMMENTS = YES;
				CLANG_WARN_EMPTY_BODY = YES;
				CLANG_WARN_ENUM_CONVERSION = YES;
				CLANG_WARN_INFINITE_RECURSION = YES;
				CLANG_WARN_INT_CONVERSION = YES;
				CLANG_WARN_NON_LITERAL_NULL_CONVERSION = YES;
				CLANG_WARN_OBJC_IMPLICIT_RETAIN_SELF = YES;
				CLANG_WARN_OBJC_LITERAL_CONVERSION = YES;
				CLANG_WARN_OBJC_ROOT_CLASS = YES_ERROR;
				CLANG_WARN_QUOTED_INCLUDE_IN_FRAMEWORK_HEADER = YES;
				CLANG_WARN_RANGE_LOOP_ANALYSIS = YES;
				CLANG_WARN_STRICT_PROTOTYPES = YES;
				CLANG_WARN_SUSPICIOUS_MOVE = YES;
				CLANG_WARN_UNGUARDED_AVAILABILITY = YES_AGGRESSIVE;
				CLANG_WARN_UNREACHABLE_CODE = YES;
				CLANG_WARN__DUPLICATE_METHOD_MATCH = YES;
				COPY_PHASE_STRIP = NO;
				DEBUG_INFORMATION_FORMAT = dwarf;
				ENABLE_STRICT_OBJC_MSGSEND = YES;
				ENABLE_TESTABILITY = YES;
				ENABLE_USER_SCRIPT_SANDBOXING = YES;
				GCC_C_LANGUAGE_STANDARD = gnu17;
				GCC_DYNAMIC_NO_PIC = NO;
				GCC_NO_COMMON_BLOCKS = YES;
				GCC_OPTIMIZATION_LEVEL = 0;
				GCC_PREPROCESSOR_DEFINITIONS = (
					"DEBUG=1",
					"$(inherited)",
				);
				GCC_WARN_64_TO_32_BIT_CONVERSION = YES;
				GCC_WARN_ABOUT_RETURN_TYPE = YES_ERROR;
				GCC_WARN_UNDECLARED_SELECTOR = YES;
				GCC_WARN_UNINITIALIZED_AUTOS = YES_AGGRESSIVE;
				GCC_WARN_UNUSED_FUNCTION = YES;
				GCC_WARN_UNUSED_VARIABLE = YES;
				LOCALIZATION_PREFERS_STRING_CATALOGS = YES;
				MTL_ENABLE_DEBUG_INFO = INCLUDE_SOURCE;
				MTL_FAST_MATH = YES;
				ONLY_ACTIVE_ARCH = YES;
				SWIFT_ACTIVE_COMPILATION_CONDITIONS = "DEBUG $(inherited)";
				SWIFT_OPTIMIZATION_LEVEL = "-Onone";
			};
			name = Debug;
		};
		6975ADA42EA9697900BD8D0E /* Release */ = {
			isa = XCBuildConfiguration;
			buildSettings = {
				ALWAYS_SEARCH_USER_PATHS = NO;
				ASSETCATALOG_COMPILER_GENERATE_SWIFT_ASSET_SYMBOL_EXTENSIONS = YES;
				CLANG_ANALYZER_NONNULL = YES;
				CLANG_ANALYZER_NUMBER_OBJECT_CONVERSION = YES_AGGRESSIVE;
				CLANG_CXX_LANGUAGE_STANDARD = "gnu++20";
				CLANG_ENABLE_MODULES = YES;
				CLANG_ENABLE_OBJC_ARC = YES;
				CLANG_ENABLE_OBJC_WEAK = YES;
				CLANG_WARN_BLOCK_CAPTURE_AUTORELEASING = YES;
				CLANG_WARN_BOOL_CONVERSION = YES;
				CLANG_WARN_COMMA = YES;
				CLANG_WARN_CONSTANT_CONVERSION = YES;
				CLANG_WARN_DEPRECATED_OBJC_IMPLEMENTATIONS = YES;
				CLANG_WARN_DIRECT_OBJC_ISA_USAGE = YES_ERROR;
				CLANG_WARN_DOCUMENTATION_COMMENTS = YES;
				CLANG_WARN_EMPTY_BODY = YES;
				CLANG_WARN_ENUM_CONVERSION = YES;
				CLANG_WARN_INFINITE_RECURSION = YES;
				CLANG_WARN_INT_CONVERSION = YES;
				CLANG_WARN_NON_LITERAL_NULL_CONVERSION = YES;
				CLANG_WARN_OBJC_IMPLICIT_RETAIN_SELF = YES;
				CLANG_WARN_OBJC_LITERAL_CONVERSION = YES;
				CLANG_WARN_OBJC_ROOT_CLASS = YES_ERROR;
				CLANG_WARN_QUOTED_INCLUDE_IN_FRAMEWORK_HEADER = YES;
				CLANG_WARN_RANGE_LOOP_ANALYSIS = YES;
				CLANG_WARN_STRICT_PROTOTYPES = YES;
				CLANG_WARN_SUSPICIOUS_MOVE = YES;
				CLANG_WARN_UNGUARDED_AVAILABILITY = YES_AGGRESSIVE;
				CLANG_WARN_UNREACHABLE_CODE = YES;
				CLANG_WARN__DUPLICATE_METHOD_MATCH = YES;
				COPY_PHASE_STRIP = NO;
				DEBUG_INFORMATION_FORMAT = "dwarf-with-dsym";
				ENABLE_NS_ASSERTIONS = NO;
				ENABLE_STRICT_OBJC_MSGSEND = YES;
				ENABLE_USER_SCRIPT_SANDBOXING = YES;
				GCC_C_LANGUAGE_STANDARD = gnu17;
				GCC_NO_COMMON_BLOCKS = YES;
				GCC_WARN_64_TO_32_BIT_CONVERSION = YES;
				GCC_WARN_ABOUT_RETURN_TYPE = YES_ERROR;
				GCC_WARN_UNDECLARED_SELECTOR = YES;
				GCC_WARN_UNINITIALIZED_AUTOS = YES_AGGRESSIVE;
				GCC_WARN_UNUSED_FUNCTION = YES;
				GCC_WARN_UNUSED_VARIABLE = YES;
				LOCALIZATION_PREFERS_STRING_CATALOGS = YES;
				MTL_ENABLE_DEBUG_INFO = NO;
				MTL_FAST_MATH = YES;
				SWIFT_COMPILATION_MODE = wholemodule;
			};
			name = Release;
		};
		6975ADA62EA9697900BD8D0E /* Debug */ = {
			isa = XCBuildConfiguration;
			buildSettings = {
				ASSETCATALOG_COMPILER_APPICON_NAME = AppIcon;
				ASSETCATALOG_COMPILER_GLOBAL_ACCENT_COLOR_NAME = AccentColor;
				CODE_SIGN_ENTITLEMENTS = "line&length/line_length.entitlements";
				CODE_SIGN_STYLE = Automatic;
				CURRENT_PROJECT_VERSION = 1;
				DEVELOPMENT_ASSET_PATHS = "\"line&length/Preview Content\"";
				DEVELOPMENT_TEAM = C2L9GKJ235;
				ENABLE_HARDENED_RUNTIME = YES;
				ENABLE_PREVIEWS = YES;
				GENERATE_INFOPLIST_FILE = YES;
				"INFOPLIST_KEY_UIApplicationSceneManifest_Generation[sdk=iphoneos*]" = YES;
				"INFOPLIST_KEY_NSCameraUsageDescription" = "This app needs access to the camera to capture video frames for CoreML model analysis and video recording.";
				"INFOPLIST_KEY_NSPhotoLibraryUsageDescription" = "This app needs access to save videos to your Photos library.";
				"INFOPLIST_KEY_NSPhotoLibraryAddUsageDescription" = "This app needs access to save videos to your Photos library.";
				"INFOPLIST_KEY_UIApplicationSceneManifest_Generation[sdk=iphonesimulator*]" = YES;
				"INFOPLIST_KEY_UIApplicationSupportsIndirectInputEvents[sdk=iphoneos*]" = YES;
				"INFOPLIST_KEY_UIApplicationSupportsIndirectInputEvents[sdk=iphonesimulator*]" = YES;
				"INFOPLIST_KEY_UILaunchScreen_Generation[sdk=iphoneos*]" = YES;
				"INFOPLIST_KEY_UILaunchScreen_Generation[sdk=iphonesimulator*]" = YES;
				INFOPLIST_KEY_UIStatusBarStyle = "";
				"INFOPLIST_KEY_UIStatusBarStyle[sdk=iphoneos*]" = UIStatusBarStyleDefault;
				"INFOPLIST_KEY_UIStatusBarStyle[sdk=iphonesimulator*]" = UIStatusBarStyleDefault;
				INFOPLIST_KEY_UISupportedInterfaceOrientations_iPad = "UIInterfaceOrientationPortrait UIInterfaceOrientationPortraitUpsideDown UIInterfaceOrientationLandscapeLeft UIInterfaceOrientationLandscapeRight";
				INFOPLIST_KEY_UISupportedInterfaceOrientations_iPhone = "UIInterfaceOrientationPortrait UIInterfaceOrientationLandscapeLeft UIInterfaceOrientationLandscapeRight";
				IPHONEOS_DEPLOYMENT_TARGET = 17.4;
				LD_RUNPATH_SEARCH_PATHS = "@executable_path/Frameworks";
				"LD_RUNPATH_SEARCH_PATHS[sdk=macosx*]" = "@executable_path/../Frameworks";
				MACOSX_DEPLOYMENT_TARGET = 14.4;
				MARKETING_VERSION = 1.0;
				PRODUCT_BUNDLE_IDENTIFIER = "brunnenbros.line-length";
				PRODUCT_NAME = "$(TARGET_NAME)";
				SDKROOT = iphoneos;
				SUPPORTED_PLATFORMS = "iphoneos iphonesimulator";
				SWIFT_EMIT_LOC_STRINGS = YES;
				SWIFT_VERSION = 5.0;
				TARGETED_DEVICE_FAMILY = "1,2";
			};
			name = Debug;
		};
		6975ADA72EA9697900BD8D0E /* Release */ = {
			isa = XCBuildConfiguration;
			buildSettings = {
				ASSETCATALOG_COMPILER_APPICON_NAME = AppIcon;
				ASSETCATALOG_COMPILER_GLOBAL_ACCENT_COLOR_NAME = AccentColor;
				CODE_SIGN_ENTITLEMENTS = "line&length/line_length.entitlements";
				CODE_SIGN_STYLE = Automatic;
				CURRENT_PROJECT_VERSION = 1;
				DEVELOPMENT_ASSET_PATHS = "\"line&length/Preview Content\"";
				DEVELOPMENT_TEAM = C2L9GKJ235;
				ENABLE_HARDENED_RUNTIME = YES;
				ENABLE_PREVIEWS = YES;
				GENERATE_INFOPLIST_FILE = YES;
				"INFOPLIST_KEY_UIApplicationSceneManifest_Generation[sdk=iphoneos*]" = YES;
				"INFOPLIST_KEY_NSCameraUsageDescription" = "This app needs access to the camera to capture video frames for CoreML model analysis and video recording.";
				"INFOPLIST_KEY_NSPhotoLibraryUsageDescription" = "This app needs access to save videos to your Photos library.";
				"INFOPLIST_KEY_NSPhotoLibraryAddUsageDescription" = "This app needs access to save videos to your Photos library.";
				"INFOPLIST_KEY_UIApplicationSceneManifest_Generation[sdk=iphonesimulator*]" = YES;
				"INFOPLIST_KEY_UIApplicationSupportsIndirectInputEvents[sdk=iphoneos*]" = YES;
				"INFOPLIST_KEY_UIApplicationSupportsIndirectInputEvents[sdk=iphonesimulator*]" = YES;
				"INFOPLIST_KEY_UILaunchScreen_Generation[sdk=iphoneos*]" = YES;
				"INFOPLIST_KEY_UILaunchScreen_Generation[sdk=iphonesimulator*]" = YES;
				INFOPLIST_KEY_UIStatusBarStyle = "";
				"INFOPLIST_KEY_UIStatusBarStyle[sdk=iphoneos*]" = UIStatusBarStyleDefault;
				"INFOPLIST_KEY_UIStatusBarStyle[sdk=iphonesimulator*]" = UIStatusBarStyleDefault;
				INFOPLIST_KEY_UISupportedInterfaceOrientations_iPad = "UIInterfaceOrientationPortrait UIInterfaceOrientationPortraitUpsideDown UIInterfaceOrientationLandscapeLeft UIInterfaceOrientationLandscapeRight";
				INFOPLIST_KEY_UISupportedInterfaceOrientations_iPhone = "UIInterfaceOrientationPortrait UIInterfaceOrientationLandscapeLeft UIInterfaceOrientationLandscapeRight";
				IPHONEOS_DEPLOYMENT_TARGET = 17.4;
				LD_RUNPATH_SEARCH_PATHS = "@executable_path/Frameworks";
				"LD_RUNPATH_SEARCH_PATHS[sdk=macosx*]" = "@executable_path/../Frameworks";
				MACOSX_DEPLOYMENT_TARGET = 14.4;
				MARKETING_VERSION = 1.0;
				PRODUCT_BUNDLE_IDENTIFIER = "brunnenbros.line-length";
				PRODUCT_NAME = "$(TARGET_NAME)";
				SDKROOT = iphoneos;
				SUPPORTED_PLATFORMS = "iphoneos iphonesimulator";
				SWIFT_EMIT_LOC_STRINGS = YES;
				SWIFT_VERSION = 5.0;
				TARGETED_DEVICE_FAMILY = "1,2";
			};
			name = Release;
		};
		6975ADA92EA9697900BD8D0E /* Debug */ = {
			isa = XCBuildConfiguration;
			buildSettings = {
				ALWAYS_EMBED_SWIFT_STANDARD_LIBRARIES = YES;
				BUNDLE_LOADER = "$(TEST_HOST)";
				CODE_SIGN_STYLE = Automatic;
				CURRENT_PROJECT_VERSION = 1;
				DEVELOPMENT_TEAM = C2L9GKJ235;
				GENERATE_INFOPLIST_FILE = YES;
				IPHONEOS_DEPLOYMENT_TARGET = 17.4;
				MACOSX_DEPLOYMENT_TARGET = 14.4;
				MARKETING_VERSION = 1.0;
				PRODUCT_BUNDLE_IDENTIFIER = "brunnenbros.line-lengthTests";
				PRODUCT_NAME = "$(TARGET_NAME)";
				SDKROOT = iphoneos;
				SUPPORTED_PLATFORMS = "iphoneos iphonesimulator";
				SWIFT_EMIT_LOC_STRINGS = NO;
				SWIFT_VERSION = 5.0;
				TARGETED_DEVICE_FAMILY = "1,2";
				TEST_HOST = "$(BUILT_PRODUCTS_DIR)/line&length.app/$(BUNDLE_EXECUTABLE_FOLDER_PATH)/line&length";
			};
			name = Debug;
		};
		6975ADAA2EA9697900BD8D0E /* Release */ = {
			isa = XCBuildConfiguration;
			buildSettings = {
				ALWAYS_EMBED_SWIFT_STANDARD_LIBRARIES = YES;
				BUNDLE_LOADER = "$(TEST_HOST)";
				CODE_SIGN_STYLE = Automatic;
				CURRENT_PROJECT_VERSION = 1;
				DEVELOPMENT_TEAM = C2L9GKJ235;
				GENERATE_INFOPLIST_FILE = YES;
				IPHONEOS_DEPLOYMENT_TARGET = 17.4;
				MACOSX_DEPLOYMENT_TARGET = 14.4;
				MARKETING_VERSION = 1.0;
				PRODUCT_BUNDLE_IDENTIFIER = "brunnenbros.line-lengthTests";
				PRODUCT_NAME = "$(TARGET_NAME)";
				SDKROOT = iphoneos;
				SUPPORTED_PLATFORMS = "iphoneos iphonesimulator";
				SWIFT_EMIT_LOC_STRINGS = NO;
				SWIFT_VERSION = 5.0;
				TARGETED_DEVICE_FAMILY = "1,2";
				TEST_HOST = "$(BUILT_PRODUCTS_DIR)/line&length.app/$(BUNDLE_EXECUTABLE_FOLDER_PATH)/line&length";
			};
			name = Release;
		};
		6975ADAC2EA9697900BD8D0E /* Debug */ = {
			isa = XCBuildConfiguration;
			buildSettings = {
				ALWAYS_EMBED_SWIFT_STANDARD_LIBRARIES = YES;
				CODE_SIGN_STYLE = Automatic;
				CURRENT_PROJECT_VERSION = 1;
				DEVELOPMENT_TEAM = C2L9GKJ235;
				GENERATE_INFOPLIST_FILE = YES;
				IPHONEOS_DEPLOYMENT_TARGET = 17.4;
				MACOSX_DEPLOYMENT_TARGET = 14.4;
				MARKETING_VERSION = 1.0;
				PRODUCT_BUNDLE_IDENTIFIER = "brunnenbros.line-lengthUITests";
				PRODUCT_NAME = "$(TARGET_NAME)";
				SDKROOT = iphoneos;
				SUPPORTED_PLATFORMS = "iphoneos iphonesimulator";
				SWIFT_EMIT_LOC_STRINGS = NO;
				SWIFT_VERSION = 5.0;
				TARGETED_DEVICE_FAMILY = "1,2";
				TEST_TARGET_NAME = "line&length";
			};
			name = Debug;
		};
		6975ADAD2EA9697900BD8D0E /* Release */ = {
			isa = XCBuildConfiguration;
			buildSettings = {
				ALWAYS_EMBED_SWIFT_STANDARD_LIBRARIES = YES;
				CODE_SIGN_STYLE = Automatic;
				CURRENT_PROJECT_VERSION = 1;
				DEVELOPMENT_TEAM = C2L9GKJ235;
				GENERATE_INFOPLIST_FILE = YES;
				IPHONEOS_DEPLOYMENT_TARGET = 17.4;
				MACOSX_DEPLOYMENT_TARGET = 14.4;
				MARKETING_VERSION = 1.0;
				PRODUCT_BUNDLE_IDENTIFIER = "brunnenbros.line-lengthUITests";
				PRODUCT_NAME = "$(TARGET_NAME)";
				SDKROOT = iphoneos;
				SUPPORTED_PLATFORMS = "iphoneos iphonesimulator";
				SWIFT_EMIT_LOC_STRINGS = NO;
				SWIFT_VERSION = 5.0;
				TARGETED_DEVICE_FAMILY = "1,2";
				TEST_TARGET_NAME = "line&length";
			};
			name = Release;
		};
/* End XCBuildConfiguration section */

/* Begin XCConfigurationList section */
		6975AD7B2EA9697600BD8D0E /* Build configuration list for PBXProject "line&length" */ = {
			isa = XCConfigurationList;
			buildConfigurations = (
				6975ADA32EA9697900BD8D0E /* Debug */,
				6975ADA42EA9697900BD8D0E /* Release */,
			);
			defaultConfigurationIsVisible = 0;
			defaultConfigurationName = Release;
		};
		6975ADA52EA9697900BD8D0E /* Build configuration list for PBXNativeTarget "line&length" */ = {
			isa = XCConfigurationList;
			buildConfigurations = (
				6975ADA62EA9697900BD8D0E /* Debug */,
				6975ADA72EA9697900BD8D0E /* Release */,
			);
			defaultConfigurationIsVisible = 0;
			defaultConfigurationName = Release;
		};
		6975ADA82EA9697900BD8D0E /* Build configuration list for PBXNativeTarget "line&lengthTests" */ = {
			isa = XCConfigurationList;
			buildConfigurations = (
				6975ADA92EA9697900BD8D0E /* Debug */,
				6975ADAA2EA9697900BD8D0E /* Release */,
			);
			defaultConfigurationIsVisible = 0;
			defaultConfigurationName = Release;
		};
		6975ADAB2EA9697900BD8D0E /* Build configuration list for PBXNativeTarget "line&lengthUITests" */ = {
			isa = XCConfigurationList;
			buildConfigurations = (
				6975ADAC2EA9697900BD8D0E /* Debug */,
				6975ADAD2EA9697900BD8D0E /* Release */,
			);
			defaultConfigurationIsVisible = 0;
			defaultConfigurationName = Release;
		};
/* End XCConfigurationList section */
	};
	rootObject = 6975AD782EA9697600BD8D0E /* Project object */;
}
